
Microsoft Visual Studio Solution File, Format Version 11.00
# Visual Studio 2010
Project("{FAE04EC0-301F-11D3-BF4B-00C04F79EFBC}") = "Adresboek", "Adresboek\Adresboek.csproj", "{676629B9-208F-428E-A24F-EF40D9161CEE}"
EndProject
Project("{FAE04EC0-301F-11D3-BF4B-00C04F79EFBC}") = "AdresboekTest", "AdresboekTest\AdresboekTest.csproj", "{8DB10525-B1EA-4CDF-A3C2-7B4AC3155539}"
EndProject
Project("{2150E333-8FDC-42A3-9474-1A3956D46DE8}") = "Solution Items", "Solution Items", "{18A3BBE7-890B-415D-90D8-9BFFF3BADC30}"
	ProjectSection(SolutionItems) = preProject
		Adresboek.vsmdi = Adresboek.vsmdi
		Local.testsettings = Local.testsettings
		TraceAndTestImpact.testsettings = TraceAndTestImpact.testsettings
	EndProjectSection
EndProject
Global
	GlobalSection(TestCaseManagementSettings) = postSolution
		CategoryFile = Adresboek.vsmdi
	EndGlobalSection
	GlobalSection(SolutionConfigurationPlatforms) = preSolution
		Debug|Any CPU = Debug|Any CPU
		Debug|Mixed Platforms = Debug|Mixed Platforms
		Debug|x86 = Debug|x86
		Release|Any CPU = Release|Any CPU
		Release|Mixed Platforms = Release|Mixed Platforms
		Release|x86 = Release|x86
	EndGlobalSection
	GlobalSection(ProjectConfigurationPlatforms) = postSolution
		{676629B9-208F-428E-A24F-EF40D9161CEE}.Debug|Any CPU.ActiveCfg = Debug|x86
		{676629B9-208F-428E-A24F-EF40D9161CEE}.Debug|Mixed Platforms.ActiveCfg = Debug|x86
		{676629B9-208F-428E-A24F-EF40D9161CEE}.Debug|Mixed Platforms.Build.0 = Debug|x86
		{676629B9-208F-428E-A24F-EF40D9161CEE}.Debug|x86.ActiveCfg = Debug|x86
		{676629B9-208F-428E-A24F-EF40D9161CEE}.Debug|x86.Build.0 = Debug|x86
		{676629B9-208F-428E-A24F-EF40D9161CEE}.Release|Any CPU.ActiveCfg = Release|x86
		{676629B9-208F-428E-A24F-EF40D9161CEE}.Release|Mixed Platforms.ActiveCfg = Release|x86
		{676629B9-208F-428E-A24F-EF40D9161CEE}.Release|Mixed Platforms.Build.0 = Release|x86
		{676629B9-208F-428E-A24F-EF40D9161CEE}.Release|x86.ActiveCfg = Release|x86
		{676629B9-208F-428E-A24F-EF40D9161CEE}.Release|x86.Build.0 = Release|x86
		{8DB10525-B1EA-4CDF-A3C2-7B4AC3155539}.Debug|Any CPU.ActiveCfg = Debug|Any CPU
		{8DB10525-B1EA-4CDF-A3C2-7B4AC3155539}.Debug|Any CPU.Build.0 = Debug|Any CPU
		{8DB10525-B1EA-4CDF-A3C2-7B4AC3155539}.Debug|Mixed Platforms.ActiveCfg = Debug|Any CPU
		{8DB10525-B1EA-4CDF-A3C2-7B4AC3155539}.Debug|Mixed Platforms.Build.0 = Debug|Any CPU
		{8DB10525-B1EA-4CDF-A3C2-7B4AC3155539}.Debug|x86.ActiveCfg = Debug|Any CPU
		{8DB10525-B1EA-4CDF-A3C2-7B4AC3155539}.Release|Any CPU.ActiveCfg = Release|Any CPU
		{8DB10525-B1EA-4CDF-A3C2-7B4AC3155539}.Release|Any CPU.Build.0 = Release|Any CPU
		{8DB10525-B1EA-4CDF-A3C2-7B4AC3155539}.Release|Mixed Platforms.ActiveCfg = Release|Any CPU
		{8DB10525-B1EA-4CDF-A3C2-7B4AC3155539}.Release|Mixed Platforms.Build.0 = Release|Any CPU
		{8DB10525-B1EA-4CDF-A3C2-7B4AC3155539}.Release|x86.ActiveCfg = Release|Any CPU
	EndGlobalSection
	GlobalSection(SolutionProperties) = preSolution
		HideSolutionNode = FALSE
	EndGlobalSection
EndGlobal
